
Microsoft Visual Studio Solution File, Format Version 12.00
# Visual Studio 15
VisualStudioVersion = 15.0.28307.779
MinimumVisualStudioVersion = 10.0.40219.1
Project("{8BC9CEB8-8B4A-11D0-8D11-00A0C91BC942}") = "p1006", "p1006.vcxproj", "{C4D04446-60B9-4D1A-BAC6-2495033CFFDD}"
EndProject
Global
	GlobalSection(SolutionConfigurationPlatforms) = preSolution
		Debug|x64 = Debug|x64
		Debug|x86 = Debug|x86
		Release|x64 = Release|x64
		Release|x86 = Release|x86
	EndGlobalSection
	GlobalSection(ProjectConfigurationPlatforms) = postSolution
		{C4D04446-60B9-4D1A-BAC6-2495033CFFDD}.Debug|x64.ActiveCfg = Debug|x64
		{C4D04446-60B9-4D1A-BAC6-2495033CFFDD}.Debug|x64.Build.0 = Debug|x64
		{C4D04446-60B9-4D1A-BAC6-2495033CFFDD}.Debug|x86.ActiveCfg = Debug|Win32
		{C4D04446-60B9-4D1A-BAC6-2495033CFFDD}.Debug|x86.Build.0 = Debug|Win32
		{C4D04446-60B9-4D1A-BAC6-2495033CFFDD}.Release|x64.ActiveCfg = Release|x64
		{C4D04446-60B9-4D1A-BAC6-2495033CFFDD}.Release|x64.Build.0 = Release|x64
		{C4D04446-60B9-4D1A-BAC6-2495033CFFDD}.Release|x86.ActiveCfg = Release|Win32
		{C4D04446-60B9-4D1A-BAC6-2495033CFFDD}.Release|x86.Build.0 = Release|Win32
	EndGlobalSection
	GlobalSection(SolutionProperties) = preSolution
		HideSolutionNode = FALSE
	EndGlobalSection
	GlobalSection(ExtensibilityGlobals) = postSolution
		SolutionGuid = {F63D3CBC-AE60-4EE4-B39C-1AB467AACE3C}
	EndGlobalSection
EndGlobal
