
Microsoft Visual Studio Solution File, Format Version 12.00
# Visual Studio 15
VisualStudioVersion = 15.0.28307.168
MinimumVisualStudioVersion = 10.0.40219.1
Project("{8BC9CEB8-8B4A-11D0-8D11-00A0C91BC942}") = "lab08", "lab08.vcxproj", "{33004EFE-9D30-4ED3-8912-77D38B531F9C}"
EndProject
Global
	GlobalSection(SolutionConfigurationPlatforms) = preSolution
		Debug|x64 = Debug|x64
		Debug|x86 = Debug|x86
		Release|x64 = Release|x64
		Release|x86 = Release|x86
	EndGlobalSection
	GlobalSection(ProjectConfigurationPlatforms) = postSolution
		{33004EFE-9D30-4ED3-8912-77D38B531F9C}.Debug|x64.ActiveCfg = Debug|x64
		{33004EFE-9D30-4ED3-8912-77D38B531F9C}.Debug|x64.Build.0 = Debug|x64
		{33004EFE-9D30-4ED3-8912-77D38B531F9C}.Debug|x86.ActiveCfg = Debug|Win32
		{33004EFE-9D30-4ED3-8912-77D38B531F9C}.Debug|x86.Build.0 = Debug|Win32
		{33004EFE-9D30-4ED3-8912-77D38B531F9C}.Release|x64.ActiveCfg = Release|x64
		{33004EFE-9D30-4ED3-8912-77D38B531F9C}.Release|x64.Build.0 = Release|x64
		{33004EFE-9D30-4ED3-8912-77D38B531F9C}.Release|x86.ActiveCfg = Release|Win32
		{33004EFE-9D30-4ED3-8912-77D38B531F9C}.Release|x86.Build.0 = Release|Win32
	EndGlobalSection
	GlobalSection(SolutionProperties) = preSolution
		HideSolutionNode = FALSE
	EndGlobalSection
	GlobalSection(ExtensibilityGlobals) = postSolution
		SolutionGuid = {C3687BED-2729-4C4E-B4D9-D544BF5BA59C}
	EndGlobalSection
EndGlobal
