
Microsoft Visual Studio Solution File, Format Version 12.00
# Visual Studio 15
VisualStudioVersion = 15.0.28307.168
MinimumVisualStudioVersion = 10.0.40219.1
Project("{8BC9CEB8-8B4A-11D0-8D11-00A0C91BC942}") = "lab06", "lab06.vcxproj", "{3C7E0D8E-E2EF-4483-AA3B-EE61B6CAE607}"
EndProject
Global
	GlobalSection(SolutionConfigurationPlatforms) = preSolution
		Debug|x64 = Debug|x64
		Debug|x86 = Debug|x86
		Release|x64 = Release|x64
		Release|x86 = Release|x86
	EndGlobalSection
	GlobalSection(ProjectConfigurationPlatforms) = postSolution
		{3C7E0D8E-E2EF-4483-AA3B-EE61B6CAE607}.Debug|x64.ActiveCfg = Debug|x64
		{3C7E0D8E-E2EF-4483-AA3B-EE61B6CAE607}.Debug|x64.Build.0 = Debug|x64
		{3C7E0D8E-E2EF-4483-AA3B-EE61B6CAE607}.Debug|x86.ActiveCfg = Debug|Win32
		{3C7E0D8E-E2EF-4483-AA3B-EE61B6CAE607}.Debug|x86.Build.0 = Debug|Win32
		{3C7E0D8E-E2EF-4483-AA3B-EE61B6CAE607}.Release|x64.ActiveCfg = Release|x64
		{3C7E0D8E-E2EF-4483-AA3B-EE61B6CAE607}.Release|x64.Build.0 = Release|x64
		{3C7E0D8E-E2EF-4483-AA3B-EE61B6CAE607}.Release|x86.ActiveCfg = Release|Win32
		{3C7E0D8E-E2EF-4483-AA3B-EE61B6CAE607}.Release|x86.Build.0 = Release|Win32
	EndGlobalSection
	GlobalSection(SolutionProperties) = preSolution
		HideSolutionNode = FALSE
	EndGlobalSection
	GlobalSection(ExtensibilityGlobals) = postSolution
		SolutionGuid = {5080C23F-7459-4110-9441-8D106F03E634}
	EndGlobalSection
EndGlobal
